github.com/aws/aws-sdk-go-v2 v1.39.6 h1:2JrPCVgWJm7bm83BDwY5z8ietmeJUbh3O2ACnn+Xsqk=
github.com/aws/aws-sdk-go-v2 v1.39.6/go.mod h1:c9pm7VwuW0UPxAEYGyTmyurVcNrbF6Rt/wixFqDhcjE=
github.com/aws/aws-sdk-go-v2/config v1.31.20 h1:/jWF4Wu90EhKCgjTdy1DGxcbcbNrjfBHvksEL79tfQc=
github.com/aws/aws-sdk-go-v2/config v1.31.20/go.mod h1:95Hh1Tc5VYKL9NJ7tAkDcqeKt+MCXQB1hQZaRdJIZE0=
github.com/aws/aws-sdk-go-v2/credentials v1.18.24 h1:iJ2FmPT35EaIB0+kMa6TnQ+PwG5A1prEdAw+PsMzfHg=
github.com/aws/aws-sdk-go-v2/credentials v1.18.24/go.mod h1:U91+DrfjAiXPDEGYhh/x29o4p0qHX5HDqG7y5VViv64=
github.com/aws/aws-sdk-go-v2/feature/ec2/imds v1.18.13 h1:T1brd5dR3/fzNFAQch/iBKeX07/ffu/cLu+q+RuzEWk=
github.com/aws/aws-sdk-go-v2/feature/ec2/imds v1.18.13/go.mod h1:Peg/GBAQ6JDt+RoBf4meB1wylmAipb7Kg2ZFakZTlwk=
github.com/aws/aws-sdk-go-v2/internal/configsources v1.4.13 h1:a+8/MLcWlIxo1lF9xaGt3J/u3yOZx+CdSveSNwjhD40=
github.com/aws/aws-sdk-go-v2/internal/configsources v1.4.13/go.mod h1:oGnKwIYZ4XttyU2JWxFrwvhF6YKiK/9/wmE3v3Iu9K8=
github.com/aws/aws-sdk-go-v2/internal/endpoints/v2 v2.7.13 h1:HBSI2kDkMdWz4ZM7FjwE7e/pWDEZ+nR95x8Ztet1ooY=
github.com/aws/aws-sdk-go-v2/internal/endpoints/v2 v2.7.13/go.mod h1:YE94ZoDArI7awZqJzBAZ3PDD2zSfuP7w6P2knOzIn8M=
github.com/aws/aws-sdk-go-v2/internal/ini v1.8.4 h1:WKuaxf++XKWlHWu9ECbMlha8WOEGm0OUEZqm4K/Gcfk=
github.com/aws/aws-sdk-go-v2/internal/ini v1.8.4/go.mod h1:ZWy7j6v1vWGmPReu0iSGvRiise4YI5SkR3OHKTZ6Wuc=
github.com/aws/aws-sdk-go-v2/service/internal/accept-encoding v1.13.3 h1:x2Ibm/Af8Fi+BH+Hsn9TXGdT+hKbDd5XOTZxTMxDk7o=
github.com/aws/aws-sdk-go-v2/service/internal/accept-encoding v1.13.3/go.mod h1:IW1jwyrQgMdhisceG8fQLmQIydcT/jWY21rFhzgaKwo=
github.com/aws/aws-sdk-go-v2/service/internal/presigned-url v1.13.13 h1:kDqdFvMY4AtKoACfzIGD8A0+hbT41KTKF//gq7jITfM=
github.com/aws/aws-sdk-go-v2/service/internal/presigned-url v1.13.13/go.mod h1:lmKuogqSU3HzQCwZ9ZtcqOc5XGMqtDK7OIc2+DxiUEg=
github.com/aws/aws-sdk-go-v2/service/sqs v1.42.15 h1:uoPRUh1/r/E2Vn3Witk0tZppmmsCXmsAuBmx3QorXDk=
github.com/aws/aws-sdk-go-v2/service/sqs v1.42.15/go.mod h1:ZS67woOy/ftzvKK2+P53u2NPqImAPTWz+hBn+tchP7k=
github.com/aws/aws-sdk-go-v2/service/sso v1.30.3 h1:NjShtS1t8r5LUfFVtFeI8xLAHQNTa7UI0VawXlrBMFQ=
github.com/aws/aws-sdk-go-v2/service/sso v1.30.3/go.mod h1:fKvyjJcz63iL/ftA6RaM8sRCtN4r4zl4tjL3qw5ec7k=
github.com/aws/aws-sdk-go-v2/service/ssooidc v1.35.7 h1:gTsnx0xXNQ6SBbymoDvcoRHL+q4l/dAFsQuKfDWSaGc=
github.com/aws/aws-sdk-go-v2/service/ssooidc v1.35.7/go.mod h1:klO+ejMvYsB4QATfEOIXk8WAEwN4N0aBfJpvC+5SZBo=
github.com/aws/aws-sdk-go-v2/service/sts v1.40.2 h1:HK5ON3KmQV2HcAunnx4sKLB9aPf3gKGwVAf7xnx0QT0=
github.com/aws/aws-sdk-go-v2/service/sts v1.40.2/go.mod h1:E19xDjpzPZC7LS2knI9E6BaRFDK43Eul7vd6rSq2HWk=
github.com/aws/smithy-go v1.23.2 h1:Crv0eatJUQhaManss33hS5r40CG3ZFH+21XSkqMrIUM=
github.com/aws/smithy-go v1.23.2/go.mod h1:LEj2LM3rBRQJxPZTB4KuzZkaZYnZPnvgIhb4pu07mx0=
github.com/benbjohnson/clock v1.3.0/go.mod h1:J11/hYXuz8f4ySSvYwY0FKfm+ezbsZBKZxNJlLklBHA=
github.com/benbjohnson/clock v1.3.5 h1:VvXlSJBzZpA/zum6Sj74hxwYI2DIxRWuNIoXAzHZz5o=
github.com/benbjohnson/clock v1.3.5/go.mod h1:J11/hYXuz8f4ySSvYwY0FKfm+ezbsZBKZxNJlLklBHA=
github.com/cenkalti/backoff/v3 v3.1.1/go.mod h1:cIeZDE3IrqwwJl6VUwCN6trj1oXrTS4rc0ij+ULvLYs=
github.com/cenkalti/backoff/v3 v3.2.2 h1:cfUAAO3yvKMYKPrvhDuHSwQnhZNk/RMHKdZqKTxfm6M=
github.com/cenkalti/backoff/v3 v3.2.2/go.mod h1:cIeZDE3IrqwwJl6VUwCN6trj1oXrTS4rc0ij+ULvLYs=
github.com/davecgh/go-spew v1.1.0/go.mod h1:J7Y8YcW2NihsgmVo/mv3lAwl/skON4iLHjSsI+c5H38=
github.com/davecgh/go-spew v1.1.1 h1:vj9j/u1bqnvCEfJOwUhtlOARqs3+rkHYY13jYWTU97c=
github.com/davecgh/go-spew v1.1.1/go.mod h1:J7Y8YcW2NihsgmVo/mv3lAwl/skON4iLHjSsI+c5H38=
github.com/hashicorp/errwrap v1.0.0 h1:hLrqtEDnRye3+sgx6z4qVLNuviH3MR5aQ0ykNJa/UYA=
github.com/hashicorp/errwrap v1.0.0/go.mod h1:YH+1FKiLXxHSkmPseP+kNlulaMuP3n2brvKWEqk/Jc4=
github.com/hashicorp/go-multierror v1.1.1 h1:H5DkEtf6CXdFp0N0Em5UCwQpXMWke8IA0+lD48awMYo=
github.com/hashicorp/go-multierror v1.1.1/go.mod h1:iw975J/qwKPdAO1clOe2L8331t/9/fmwbPZ6JB6eMoM=
github.com/mercari/go-circuitbreaker v0.0.2 h1:o4hEUhXQ5n1CqVYpLLk6dyBUF4GDfgCf+5Fk8UWOFfw=
github.com/mercari/go-circuitbreaker v0.0.2/go.mod h1:0jxDKIpe1ktz1HaqQW8bJ9NwT/rxOn5A/92CZVgbJRs=
github.com/pmezard/go-difflib v1.0.0 h1:4DBwDE0NGyQoBHbLQYPwSUPoCMWR5BEzIk/f1lZbAQM=
github.com/pmezard/go-difflib v1.0.0/go.mod h1:iKH77koFhYxTK1pcRnkKkqfTogsbg7gZNVY4sRDYZ/4=
github.com/stretchr/objx v0.1.0/go.mod h1:HFkY916IF+rwdDfMAkV7OtwuqBVzrE8GR6GFx+wExME=
github.com/stretchr/testify v1.4.0/go.mod h1:j7eGeouHqKxXV5pUuKE4zz7dFj8WfuZ+81PSLYec5m4=
github.com/stretchr/testify v1.11.1 h1:7s2iGBzp5EwR7/aIZr8ao5+dra3wiQyKjjFuvgVKu7U=
github.com/stretchr/testify v1.11.1/go.mod h1:wZwfW3scLgRK+23gO65QZefKpKQRnfz6sD981Nm4B6U=
gopkg.in/check.v1 v0.0.0-20161208181325-20d25e280405 h1:yhCVgyC4o1eVCa2tZl7eS0r+SDo693bJlVdllGtEeKM=
gopkg.in/check.v1 v0.0.0-20161208181325-20d25e280405/go.mod h1:Co6ibVJAznAaIkqp8huTwlJQCZ016jof/cbN4VW5Yz0=
gopkg.in/yaml.v2 v2.2.2/go.mod h1:hI93XBmqTisBFMUTm0b8Fm+jr3Dg1NNxqwp+5A1VGuI=
gopkg.in/yaml.v3 v3.0.1 h1:fxVm/GzAzEWqLHuvctI91KS9hhNmmWOoWu0XTYJS7CA=
gopkg.in/yaml.v3 v3.0.1/go.mod h1:K4uyk7z7BCEPqu6E+C64Yfv1cQ7kz7rIZviUmN+EgEM=
